// !$*UTF8*$!
{
	archiveVersion = 1;
	classes = {
	};
	objectVersion = 56;
	objects = {

/* Begin PBXBuildFile section */
		2199A2862F15491700699F37 /* MinutColors.swift in Sources */ = {isa = PBXBuildFile; fileRef = 2199A2852F15491700699F37 /* MinutColors.swift */; };
		2199A2872F15491700699F37 /* MinutColors.swift in Sources */ = {isa = PBXBuildFile; fileRef = 2199A2852F15491700699F37 /* MinutColors.swift */; };
		AAA00001001 /* MinutAlarmWidgetApp.swift in Sources */ = {isa = PBXBuildFile; fileRef = AAA00001000 /* MinutAlarmWidgetApp.swift */; };
		AAA00002001 /* ContentView.swift in Sources */ = {isa = PBXBuildFile; fileRef = AAA00002000 /* ContentView.swift */; };
		AAA00003001 /* Assets.xcassets in Resources */ = {isa = PBXBuildFile; fileRef = AAA00003000 /* Assets.xcassets */; };
		AAA00004001 /* MinutAuthService.swift in Sources */ = {isa = PBXBuildFile; fileRef = AAA00004000 /* MinutAuthService.swift */; };
		AAA00005001 /* MinutAPIService.swift in Sources */ = {isa = PBXBuildFile; fileRef = AAA00005000 /* MinutAPIService.swift */; };
		AAA00006001 /* SignInView.swift in Sources */ = {isa = PBXBuildFile; fileRef = AAA00006000 /* SignInView.swift */; };
		AAA00007001 /* SharedModels.swift in Sources */ = {isa = PBXBuildFile; fileRef = AAA00007000 /* SharedModels.swift */; };
		AAA00008001 /* SharedSettings.swift in Sources */ = {isa = PBXBuildFile; fileRef = AAA00008000 /* SharedSettings.swift */; };
		AAA00009001 /* KeychainHelper.swift in Sources */ = {isa = PBXBuildFile; fileRef = AAA00009000 /* KeychainHelper.swift */; };
		BBB00001001 /* WidgetBundle.swift in Sources */ = {isa = PBXBuildFile; fileRef = BBB00001000 /* WidgetBundle.swift */; };
		BBB00002001 /* MinutAlarmWidget.swift in Sources */ = {isa = PBXBuildFile; fileRef = BBB00002000 /* MinutAlarmWidget.swift */; };
		BBB00003001 /* WidgetAssets.xcassets in Resources */ = {isa = PBXBuildFile; fileRef = BBB00003000 /* WidgetAssets.xcassets */; };
		BBB00004001 /* SharedModels.swift in Sources */ = {isa = PBXBuildFile; fileRef = AAA00007000 /* SharedModels.swift */; };
		BBB00005001 /* SharedSettings.swift in Sources */ = {isa = PBXBuildFile; fileRef = AAA00008000 /* SharedSettings.swift */; };
		BBB00006001 /* KeychainHelper.swift in Sources */ = {isa = PBXBuildFile; fileRef = AAA00009000 /* KeychainHelper.swift */; };
		BBB00007001 /* WidgetAPIService.swift in Sources */ = {isa = PBXBuildFile; fileRef = BBB00007000 /* WidgetAPIService.swift */; };
		BBB00010001 /* MinutAlarmWidgetExtension.appex in Embed Foundation Extensions */ = {isa = PBXBuildFile; fileRef = BBB00010000 /* MinutAlarmWidgetExtension.appex */; settings = {ATTRIBUTES = (RemoveHeadersOnCopy, ); }; };
/* End PBXBuildFile section */

/* Begin PBXContainerItemProxy section */
		BBB00020000 /* PBXContainerItemProxy */ = {
			isa = PBXContainerItemProxy;
			containerPortal = AAA10000000 /* Project object */;
			proxyType = 1;
			remoteGlobalIDString = BBB00000000;
			remoteInfo = MinutAlarmWidgetExtension;
		};
/* End PBXContainerItemProxy section */

/* Begin PBXCopyFilesBuildPhase section */
		BBB00030000 /* Embed Foundation Extensions */ = {
			isa = PBXCopyFilesBuildPhase;
			buildActionMask = 2147483647;
			dstPath = "";
			dstSubfolderSpec = 13;
			files = (
				BBB00010001 /* MinutAlarmWidgetExtension.appex in Embed Foundation Extensions */,
			);
			name = "Embed Foundation Extensions";
			runOnlyForDeploymentPostprocessing = 0;
		};
/* End PBXCopyFilesBuildPhase section */

/* Begin PBXFileReference section */
		2199A2852F15491700699F37 /* MinutColors.swift */ = {isa = PBXFileReference; lastKnownFileType = sourcecode.swift; path = MinutColors.swift; sourceTree = "<group>"; };
		AAA00000000 /* MinutAlarmWidget.app */ = {isa = PBXFileReference; explicitFileType = wrapper.application; includeInIndex = 0; path = MinutAlarmWidget.app; sourceTree = BUILT_PRODUCTS_DIR; };
		AAA00001000 /* MinutAlarmWidgetApp.swift */ = {isa = PBXFileReference; lastKnownFileType = sourcecode.swift; path = MinutAlarmWidgetApp.swift; sourceTree = "<group>"; };
		AAA00002000 /* ContentView.swift */ = {isa = PBXFileReference; lastKnownFileType = sourcecode.swift; path = ContentView.swift; sourceTree = "<group>"; };
		AAA00003000 /* Assets.xcassets */ = {isa = PBXFileReference; lastKnownFileType = folder.assetcatalog; path = Assets.xcassets; sourceTree = "<group>"; };
		AAA00004000 /* MinutAuthService.swift */ = {isa = PBXFileReference; lastKnownFileType = sourcecode.swift; path = MinutAuthService.swift; sourceTree = "<group>"; };
		AAA00005000 /* MinutAPIService.swift */ = {isa = PBXFileReference; lastKnownFileType = sourcecode.swift; path = MinutAPIService.swift; sourceTree = "<group>"; };
		AAA00006000 /* SignInView.swift */ = {isa = PBXFileReference; lastKnownFileType = sourcecode.swift; path = SignInView.swift; sourceTree = "<group>"; };
		AAA00007000 /* SharedModels.swift */ = {isa = PBXFileReference; lastKnownFileType = sourcecode.swift; path = SharedModels.swift; sourceTree = "<group>"; };
		AAA00008000 /* SharedSettings.swift */ = {isa = PBXFileReference; lastKnownFileType = sourcecode.swift; path = SharedSettings.swift; sourceTree = "<group>"; };
		AAA00009000 /* KeychainHelper.swift */ = {isa = PBXFileReference; lastKnownFileType = sourcecode.swift; path = KeychainHelper.swift; sourceTree = "<group>"; };
		AAA00011000 /* MinutAlarmWidget.entitlements */ = {isa = PBXFileReference; lastKnownFileType = text.plist.entitlements; path = MinutAlarmWidget.entitlements; sourceTree = "<group>"; };
		AAA00012000 /* Info.plist */ = {isa = PBXFileReference; lastKnownFileType = text.plist.xml; path = Info.plist; sourceTree = "<group>"; };
		BBB00001000 /* WidgetBundle.swift */ = {isa = PBXFileReference; lastKnownFileType = sourcecode.swift; path = WidgetBundle.swift; sourceTree = "<group>"; };
		BBB00002000 /* MinutAlarmWidget.swift */ = {isa = PBXFileReference; lastKnownFileType = sourcecode.swift; path = MinutAlarmWidget.swift; sourceTree = "<group>"; };
		BBB00003000 /* WidgetAssets.xcassets */ = {isa = PBXFileReference; lastKnownFileType = folder.assetcatalog; path = WidgetAssets.xcassets; sourceTree = "<group>"; };
		BBB00004000 /* MinutAlarmWidgetExtension.entitlements */ = {isa = PBXFileReference; lastKnownFileType = text.plist.entitlements; path = MinutAlarmWidgetExtension.entitlements; sourceTree = "<group>"; };
		BBB00005000 /* Info.plist */ = {isa = PBXFileReference; lastKnownFileType = text.plist.xml; path = Info.plist; sourceTree = "<group>"; };
		BBB00007000 /* WidgetAPIService.swift */ = {isa = PBXFileReference; lastKnownFileType = sourcecode.swift; path = WidgetAPIService.swift; sourceTree = "<group>"; };
		BBB00010000 /* MinutAlarmWidgetExtension.appex */ = {isa = PBXFileReference; explicitFileType = "wrapper.app-extension"; includeInIndex = 0; path = MinutAlarmWidgetExtension.appex; sourceTree = BUILT_PRODUCTS_DIR; };
/* End PBXFileReference section */

/* Begin PBXFrameworksBuildPhase section */
		AAA20000000 /* Frameworks */ = {
			isa = PBXFrameworksBuildPhase;
			buildActionMask = 2147483647;
			files = (
			);
			runOnlyForDeploymentPostprocessing = 0;
		};
		BBB20000000 /* Frameworks */ = {
			isa = PBXFrameworksBuildPhase;
			buildActionMask = 2147483647;
			files = (
			);
			runOnlyForDeploymentPostprocessing = 0;
		};
/* End PBXFrameworksBuildPhase section */

/* Begin PBXGroup section */
		AAA30000000 = {
			isa = PBXGroup;
			children = (
				AAA30001000 /* MinutAlarmWidget */,
				AAA30002000 /* MinutAlarmWidgetExtension */,
				AAA30003000 /* Shared */,
				AAA30004000 /* Products */,
			);
			sourceTree = "<group>";
		};
		AAA30001000 /* MinutAlarmWidget */ = {
			isa = PBXGroup;
			children = (
				AAA00001000 /* MinutAlarmWidgetApp.swift */,
				AAA00002000 /* ContentView.swift */,
				AAA00006000 /* SignInView.swift */,
				AAA30005000 /* Services */,
				AAA00003000 /* Assets.xcassets */,
				AAA00011000 /* MinutAlarmWidget.entitlements */,
				AAA00012000 /* Info.plist */,
			);
			path = MinutAlarmWidget;
			sourceTree = "<group>";
		};
		AAA30002000 /* MinutAlarmWidgetExtension */ = {
			isa = PBXGroup;
			children = (
				BBB00001000 /* WidgetBundle.swift */,
				BBB00002000 /* MinutAlarmWidget.swift */,
				BBB00007000 /* WidgetAPIService.swift */,
				BBB00003000 /* WidgetAssets.xcassets */,
				BBB00004000 /* MinutAlarmWidgetExtension.entitlements */,
				BBB00005000 /* Info.plist */,
			);
			path = MinutAlarmWidgetExtension;
			sourceTree = "<group>";
		};
		AAA30003000 /* Shared */ = {
			isa = PBXGroup;
			children = (
				2199A2852F15491700699F37 /* MinutColors.swift */,
				AAA00007000 /* SharedModels.swift */,
				AAA00008000 /* SharedSettings.swift */,
				AAA00009000 /* KeychainHelper.swift */,
			);
			path = Shared;
			sourceTree = "<group>";
		};
		AAA30004000 /* Products */ = {
			isa = PBXGroup;
			children = (
				AAA00000000 /* MinutAlarmWidget.app */,
				BBB00010000 /* MinutAlarmWidgetExtension.appex */,
			);
			name = Products;
			sourceTree = "<group>";
		};
		AAA30005000 /* Services */ = {
			isa = PBXGroup;
			children = (
				AAA00004000 /* MinutAuthService.swift */,
				AAA00005000 /* MinutAPIService.swift */,
			);
			path = Services;
			sourceTree = "<group>";
		};
/* End PBXGroup section */

/* Begin PBXNativeTarget section */
		AAA40000000 /* MinutAlarmWidget */ = {
			isa = PBXNativeTarget;
			buildConfigurationList = AAA50000000 /* Build configuration list for PBXNativeTarget "MinutAlarmWidget" */;
			buildPhases = (
				AAA40001000 /* Sources */,
				AAA20000000 /* Frameworks */,
				AAA40002000 /* Resources */,
				BBB00030000 /* Embed Foundation Extensions */,
			);
			buildRules = (
			);
			dependencies = (
				BBB00020001 /* PBXTargetDependency */,
			);
			name = MinutAlarmWidget;
			productName = MinutAlarmWidget;
			productReference = AAA00000000 /* MinutAlarmWidget.app */;
			productType = "com.apple.product-type.application";
		};
		BBB00000000 /* MinutAlarmWidgetExtension */ = {
			isa = PBXNativeTarget;
			buildConfigurationList = BBB50000000 /* Build configuration list for PBXNativeTarget "MinutAlarmWidgetExtension" */;
			buildPhases = (
				BBB40001000 /* Sources */,
				BBB20000000 /* Frameworks */,
				BBB40002000 /* Resources */,
			);
			buildRules = (
			);
			dependencies = (
			);
			name = MinutAlarmWidgetExtension;
			productName = MinutAlarmWidgetExtension;
			productReference = BBB00010000 /* MinutAlarmWidgetExtension.appex */;
			productType = "com.apple.product-type.app-extension";
		};
/* End PBXNativeTarget section */

/* Begin PBXProject section */
		AAA10000000 /* Project object */ = {
			isa = PBXProject;
			attributes = {
				BuildIndependentTargetsInParallel = 1;
				LastSwiftUpdateCheck = 1500;
				LastUpgradeCheck = 1500;
				TargetAttributes = {
					AAA40000000 = {
						CreatedOnToolsVersion = 15.0;
					};
					BBB00000000 = {
						CreatedOnToolsVersion = 15.0;
					};
				};
			};
			buildConfigurationList = AAA10001000 /* Build configuration list for PBXProject "MinutAlarmWidget" */;
			compatibilityVersion = "Xcode 14.0";
			developmentRegion = en;
			hasScannedForEncodings = 0;
			knownRegions = (
				en,
				Base,
			);
			mainGroup = AAA30000000;
			productRefGroup = AAA30004000 /* Products */;
			projectDirPath = "";
			projectRoot = "";
			targets = (
				AAA40000000 /* MinutAlarmWidget */,
				BBB00000000 /* MinutAlarmWidgetExtension */,
			);
		};
/* End PBXProject section */

/* Begin PBXResourcesBuildPhase section */
		AAA40002000 /* Resources */ = {
			isa = PBXResourcesBuildPhase;
			buildActionMask = 2147483647;
			files = (
				AAA00003001 /* Assets.xcassets in Resources */,
			);
			runOnlyForDeploymentPostprocessing = 0;
		};
		BBB40002000 /* Resources */ = {
			isa = PBXResourcesBuildPhase;
			buildActionMask = 2147483647;
			files = (
				BBB00003001 /* WidgetAssets.xcassets in Resources */,
			);
			runOnlyForDeploymentPostprocessing = 0;
		};
/* End PBXResourcesBuildPhase section */

/* Begin PBXSourcesBuildPhase section */
		AAA40001000 /* Sources */ = {
			isa = PBXSourcesBuildPhase;
			buildActionMask = 2147483647;
			files = (
				AAA00001001 /* MinutAlarmWidgetApp.swift in Sources */,
				AAA00002001 /* ContentView.swift in Sources */,
				2199A2862F15491700699F37 /* MinutColors.swift in Sources */,
				AAA00004001 /* MinutAuthService.swift in Sources */,
				AAA00005001 /* MinutAPIService.swift in Sources */,
				AAA00006001 /* SignInView.swift in Sources */,
				AAA00007001 /* SharedModels.swift in Sources */,
				AAA00008001 /* SharedSettings.swift in Sources */,
				AAA00009001 /* KeychainHelper.swift in Sources */,
			);
			runOnlyForDeploymentPostprocessing = 0;
		};
		BBB40001000 /* Sources */ = {
			isa = PBXSourcesBuildPhase;
			buildActionMask = 2147483647;
			files = (
				BBB00001001 /* WidgetBundle.swift in Sources */,
				BBB00002001 /* MinutAlarmWidget.swift in Sources */,
				BBB00004001 /* SharedModels.swift in Sources */,
				2199A2872F15491700699F37 /* MinutColors.swift in Sources */,
				BBB00005001 /* SharedSettings.swift in Sources */,
				BBB00006001 /* KeychainHelper.swift in Sources */,
				BBB00007001 /* WidgetAPIService.swift in Sources */,
			);
			runOnlyForDeploymentPostprocessing = 0;
		};
/* End PBXSourcesBuildPhase section */

/* Begin PBXTargetDependency section */
		BBB00020001 /* PBXTargetDependency */ = {
			isa = PBXTargetDependency;
			target = BBB00000000 /* MinutAlarmWidgetExtension */;
			targetProxy = BBB00020000 /* PBXContainerItemProxy */;
		};
/* End PBXTargetDependency section */

/* Begin XCBuildConfiguration section */
		AAA60000000 /* Debug */ = {
			isa = XCBuildConfiguration;
			buildSettings = {
				ALWAYS_SEARCH_USER_PATHS = NO;
				ASSETCATALOG_COMPILER_GENERATE_SWIFT_ASSET_SYMBOL_EXTENSIONS = YES;
				CLANG_ANALYZER_NONNULL = YES;
				CLANG_ANALYZER_NUMBER_OBJECT_CONVERSION = YES_AGGRESSIVE;
				CLANG_CXX_LANGUAGE_STANDARD = "gnu++20";
				CLANG_ENABLE_MODULES = YES;
				CLANG_ENABLE_OBJC_ARC = YES;
				CLANG_ENABLE_OBJC_WEAK = YES;
				CLANG_WARN_BLOCK_CAPTURE_AUTORELEASING = YES;
				CLANG_WARN_BOOL_CONVERSION = YES;
				CLANG_WARN_COMMA = YES;
				CLANG_WARN_CONSTANT_CONVERSION = YES;
				CLANG_WARN_DEPRECATED_OBJC_IMPLEMENTATIONS = YES;
				CLANG_WARN_DIRECT_OBJC_ISA_USAGE = YES_ERROR;
				CLANG_WARN_DOCUMENTATION_COMMENTS = YES;
				CLANG_WARN_EMPTY_BODY = YES;
				CLANG_WARN_ENUM_CONVERSION = YES;
				CLANG_WARN_INFINITE_RECURSION = YES;
				CLANG_WARN_INT_CONVERSION = YES;
				CLANG_WARN_NON_LITERAL_NULL_CONVERSION = YES;
				CLANG_WARN_OBJC_IMPLICIT_RETAIN_SELF = YES;
				CLANG_WARN_OBJC_LITERAL_CONVERSION = YES;
				CLANG_WARN_OBJC_ROOT_CLASS = YES_ERROR;
				CLANG_WARN_QUOTED_INCLUDE_IN_FRAMEWORK_HEADER = YES;
				CLANG_WARN_RANGE_LOOP_ANALYSIS = YES;
				CLANG_WARN_STRICT_PROTOTYPES = YES;
				CLANG_WARN_SUSPICIOUS_MOVE = YES;
				CLANG_WARN_UNGUARDED_AVAILABILITY = YES_AGGRESSIVE;
				CLANG_WARN_UNREACHABLE_CODE = YES;
				CLANG_WARN__DUPLICATE_METHOD_MATCH = YES;
				COPY_PHASE_STRIP = NO;
				DEBUG_INFORMATION_FORMAT = dwarf;
				ENABLE_STRICT_OBJC_MSGSEND = YES;
				ENABLE_TESTABILITY = YES;
				ENABLE_USER_SCRIPT_SANDBOXING = YES;
				GCC_C_LANGUAGE_STANDARD = gnu17;
				GCC_DYNAMIC_NO_PIC = NO;
				GCC_NO_COMMON_BLOCKS = YES;
				GCC_OPTIMIZATION_LEVEL = 0;
				GCC_PREPROCESSOR_DEFINITIONS = (
					"DEBUG=1",
					"$(inherited)",
				);
				GCC_WARN_64_TO_32_BIT_CONVERSION = YES;
				GCC_WARN_ABOUT_RETURN_TYPE = YES_ERROR;
				GCC_WARN_UNDECLARED_SELECTOR = YES;
				GCC_WARN_UNINITIALIZED_AUTOS = YES_AGGRESSIVE;
				GCC_WARN_UNUSED_FUNCTION = YES;
				GCC_WARN_UNUSED_VARIABLE = YES;
				IPHONEOS_DEPLOYMENT_TARGET = 17.0;
				LOCALIZATION_PREFERS_STRING_CATALOGS = YES;
				MTL_ENABLE_DEBUG_INFO = INCLUDE_SOURCE;
				MTL_FAST_MATH = YES;
				ONLY_ACTIVE_ARCH = YES;
				SDKROOT = iphoneos;
				SWIFT_ACTIVE_COMPILATION_CONDITIONS = "DEBUG $(inherited)";
				SWIFT_OPTIMIZATION_LEVEL = "-Onone";
			};
			name = Debug;
		};
		AAA60001000 /* Release */ = {
			isa = XCBuildConfiguration;
			buildSettings = {
				ALWAYS_SEARCH_USER_PATHS = NO;
				ASSETCATALOG_COMPILER_GENERATE_SWIFT_ASSET_SYMBOL_EXTENSIONS = YES;
				CLANG_ANALYZER_NONNULL = YES;
				CLANG_ANALYZER_NUMBER_OBJECT_CONVERSION = YES_AGGRESSIVE;
				CLANG_CXX_LANGUAGE_STANDARD = "gnu++20";
				CLANG_ENABLE_MODULES = YES;
				CLANG_ENABLE_OBJC_ARC = YES;
				CLANG_ENABLE_OBJC_WEAK = YES;
				CLANG_WARN_BLOCK_CAPTURE_AUTORELEASING = YES;
				CLANG_WARN_BOOL_CONVERSION = YES;
				CLANG_WARN_COMMA = YES;
				CLANG_WARN_CONSTANT_CONVERSION = YES;
				CLANG_WARN_DEPRECATED_OBJC_IMPLEMENTATIONS = YES;
				CLANG_WARN_DIRECT_OBJC_ISA_USAGE = YES_ERROR;
				CLANG_WARN_DOCUMENTATION_COMMENTS = YES;
				CLANG_WARN_EMPTY_BODY = YES;
				CLANG_WARN_ENUM_CONVERSION = YES;
				CLANG_WARN_INFINITE_RECURSION = YES;
				CLANG_WARN_INT_CONVERSION = YES;
				CLANG_WARN_NON_LITERAL_NULL_CONVERSION = YES;
				CLANG_WARN_OBJC_IMPLICIT_RETAIN_SELF = YES;
				CLANG_WARN_OBJC_LITERAL_CONVERSION = YES;
				CLANG_WARN_OBJC_ROOT_CLASS = YES_ERROR;
				CLANG_WARN_QUOTED_INCLUDE_IN_FRAMEWORK_HEADER = YES;
				CLANG_WARN_RANGE_LOOP_ANALYSIS = YES;
				CLANG_WARN_STRICT_PROTOTYPES = YES;
				CLANG_WARN_SUSPICIOUS_MOVE = YES;
				CLANG_WARN_UNGUARDED_AVAILABILITY = YES_AGGRESSIVE;
				CLANG_WARN_UNREACHABLE_CODE = YES;
				CLANG_WARN__DUPLICATE_METHOD_MATCH = YES;
				COPY_PHASE_STRIP = NO;
				DEBUG_INFORMATION_FORMAT = "dwarf-with-dsym";
				ENABLE_NS_ASSERTIONS = NO;
				ENABLE_STRICT_OBJC_MSGSEND = YES;
				ENABLE_USER_SCRIPT_SANDBOXING = YES;
				GCC_C_LANGUAGE_STANDARD = gnu17;
				GCC_NO_COMMON_BLOCKS = YES;
				GCC_WARN_64_TO_32_BIT_CONVERSION = YES;
				GCC_WARN_ABOUT_RETURN_TYPE = YES_ERROR;
				GCC_WARN_UNDECLARED_SELECTOR = YES;
				GCC_WARN_UNINITIALIZED_AUTOS = YES_AGGRESSIVE;
				GCC_WARN_UNUSED_FUNCTION = YES;
				GCC_WARN_UNUSED_VARIABLE = YES;
				IPHONEOS_DEPLOYMENT_TARGET = 17.0;
				LOCALIZATION_PREFERS_STRING_CATALOGS = YES;
				MTL_ENABLE_DEBUG_INFO = NO;
				MTL_FAST_MATH = YES;
				SDKROOT = iphoneos;
				SWIFT_COMPILATION_MODE = wholemodule;
				VALIDATE_PRODUCT = YES;
			};
			name = Release;
		};
		AAA60002000 /* Debug */ = {
			isa = XCBuildConfiguration;
			buildSettings = {
				ASSETCATALOG_COMPILER_APPICON_NAME = AppIcon;
				ASSETCATALOG_COMPILER_GLOBAL_ACCENT_COLOR_NAME = AccentColor;
				CODE_SIGN_ENTITLEMENTS = MinutAlarmWidget/MinutAlarmWidget.entitlements;
				CODE_SIGN_STYLE = Automatic;
				CURRENT_PROJECT_VERSION = 1;
				DEVELOPMENT_TEAM = "";
				ENABLE_PREVIEWS = YES;
				GENERATE_INFOPLIST_FILE = YES;
				INFOPLIST_FILE = MinutAlarmWidget/Info.plist;
				INFOPLIST_KEY_CFBundleDisplayName = "Minut Alarm";
				INFOPLIST_KEY_ITSAppUsesNonExemptEncryption = NO;
				INFOPLIST_KEY_UIApplicationSceneManifest_Generation = YES;
				INFOPLIST_KEY_UIApplicationSupportsIndirectInputEvents = YES;
				INFOPLIST_KEY_UILaunchScreen_Generation = YES;
				INFOPLIST_KEY_UISupportedInterfaceOrientations_iPad = "UIInterfaceOrientationPortrait UIInterfaceOrientationPortraitUpsideDown UIInterfaceOrientationLandscapeLeft UIInterfaceOrientationLandscapeRight";
				INFOPLIST_KEY_UISupportedInterfaceOrientations_iPhone = "UIInterfaceOrientationPortrait UIInterfaceOrientationLandscapeLeft UIInterfaceOrientationLandscapeRight";
				LD_RUNPATH_SEARCH_PATHS = (
					"$(inherited)",
					"@executable_path/Frameworks",
				);
				MARKETING_VERSION = 1.0;
				PRODUCT_BUNDLE_IDENTIFIER = "se.akacian.minut-alarm";
				PRODUCT_NAME = "$(TARGET_NAME)";
				SUPPORTED_PLATFORMS = "iphoneos iphonesimulator";
				SUPPORTS_MACCATALYST = NO;
				SUPPORTS_MAC_DESIGNED_FOR_IPHONE_IPAD = NO;
				SUPPORTS_XR_DESIGNED_FOR_IPHONE_IPAD = NO;
				SWIFT_EMIT_LOC_STRINGS = YES;
				SWIFT_VERSION = 5.0;
				TARGETED_DEVICE_FAMILY = 1;
			};
			name = Debug;
		};
		AAA60003000 /* Release */ = {
			isa = XCBuildConfiguration;
			buildSettings = {
				ASSETCATALOG_COMPILER_APPICON_NAME = AppIcon;
				ASSETCATALOG_COMPILER_GLOBAL_ACCENT_COLOR_NAME = AccentColor;
				CODE_SIGN_ENTITLEMENTS = MinutAlarmWidget/MinutAlarmWidget.entitlements;
				CODE_SIGN_STYLE = Automatic;
				CURRENT_PROJECT_VERSION = 1;
				DEVELOPMENT_TEAM = "";
				ENABLE_PREVIEWS = YES;
				GENERATE_INFOPLIST_FILE = YES;
				INFOPLIST_FILE = MinutAlarmWidget/Info.plist;
				INFOPLIST_KEY_CFBundleDisplayName = "Minut Alarm";
				INFOPLIST_KEY_ITSAppUsesNonExemptEncryption = NO;
				INFOPLIST_KEY_UIApplicationSceneManifest_Generation = YES;
				INFOPLIST_KEY_UIApplicationSupportsIndirectInputEvents = YES;
				INFOPLIST_KEY_UILaunchScreen_Generation = YES;
				INFOPLIST_KEY_UISupportedInterfaceOrientations_iPad = "UIInterfaceOrientationPortrait UIInterfaceOrientationPortraitUpsideDown UIInterfaceOrientationLandscapeLeft UIInterfaceOrientationLandscapeRight";
				INFOPLIST_KEY_UISupportedInterfaceOrientations_iPhone = "UIInterfaceOrientationPortrait UIInterfaceOrientationLandscapeLeft UIInterfaceOrientationLandscapeRight";
				LD_RUNPATH_SEARCH_PATHS = (
					"$(inherited)",
					"@executable_path/Frameworks",
				);
				MARKETING_VERSION = 1.0;
				PRODUCT_BUNDLE_IDENTIFIER = "se.akacian.minut-alarm";
				PRODUCT_NAME = "$(TARGET_NAME)";
				SUPPORTED_PLATFORMS = "iphoneos iphonesimulator";
				SUPPORTS_MACCATALYST = NO;
				SUPPORTS_MAC_DESIGNED_FOR_IPHONE_IPAD = NO;
				SUPPORTS_XR_DESIGNED_FOR_IPHONE_IPAD = NO;
				SWIFT_EMIT_LOC_STRINGS = YES;
				SWIFT_VERSION = 5.0;
				TARGETED_DEVICE_FAMILY = 1;
			};
			name = Release;
		};
		BBB60000000 /* Debug */ = {
			isa = XCBuildConfiguration;
			buildSettings = {
				ASSETCATALOG_COMPILER_GLOBAL_ACCENT_COLOR_NAME = AccentColor;
				ASSETCATALOG_COMPILER_WIDGET_BACKGROUND_COLOR_NAME = WidgetBackground;
				CODE_SIGN_ENTITLEMENTS = MinutAlarmWidgetExtension/MinutAlarmWidgetExtension.entitlements;
				CODE_SIGN_STYLE = Automatic;
				CURRENT_PROJECT_VERSION = 1;
				DEVELOPMENT_TEAM = "";
				GENERATE_INFOPLIST_FILE = YES;
				INFOPLIST_FILE = MinutAlarmWidgetExtension/Info.plist;
				INFOPLIST_KEY_CFBundleDisplayName = "Minut Alarm Widget";
				INFOPLIST_KEY_NSHumanReadableCopyright = "";
				LD_RUNPATH_SEARCH_PATHS = (
					"$(inherited)",
					"@executable_path/Frameworks",
					"@executable_path/../../Frameworks",
				);
				MARKETING_VERSION = 1.0;
				PRODUCT_BUNDLE_IDENTIFIER = "se.akacian.minut-alarm.widget";
				PRODUCT_NAME = "$(TARGET_NAME)";
				SKIP_INSTALL = YES;
				SUPPORTED_PLATFORMS = "iphoneos iphonesimulator";
				SUPPORTS_MACCATALYST = NO;
				SUPPORTS_MAC_DESIGNED_FOR_IPHONE_IPAD = NO;
				SUPPORTS_XR_DESIGNED_FOR_IPHONE_IPAD = NO;
				SWIFT_EMIT_LOC_STRINGS = YES;
				SWIFT_VERSION = 5.0;
				TARGETED_DEVICE_FAMILY = 1;
			};
			name = Debug;
		};
		BBB60001000 /* Release */ = {
			isa = XCBuildConfiguration;
			buildSettings = {
				ASSETCATALOG_COMPILER_GLOBAL_ACCENT_COLOR_NAME = AccentColor;
				ASSETCATALOG_COMPILER_WIDGET_BACKGROUND_COLOR_NAME = WidgetBackground;
				CODE_SIGN_ENTITLEMENTS = MinutAlarmWidgetExtension/MinutAlarmWidgetExtension.entitlements;
				CODE_SIGN_STYLE = Automatic;
				CURRENT_PROJECT_VERSION = 1;
				DEVELOPMENT_TEAM = "";
				GENERATE_INFOPLIST_FILE = YES;
				INFOPLIST_FILE = MinutAlarmWidgetExtension/Info.plist;
				INFOPLIST_KEY_CFBundleDisplayName = "Minut Alarm Widget";
				INFOPLIST_KEY_NSHumanReadableCopyright = "";
				LD_RUNPATH_SEARCH_PATHS = (
					"$(inherited)",
					"@executable_path/Frameworks",
					"@executable_path/../../Frameworks",
				);
				MARKETING_VERSION = 1.0;
				PRODUCT_BUNDLE_IDENTIFIER = "se.akacian.minut-alarm.widget";
				PRODUCT_NAME = "$(TARGET_NAME)";
				SKIP_INSTALL = YES;
				SUPPORTED_PLATFORMS = "iphoneos iphonesimulator";
				SUPPORTS_MACCATALYST = NO;
				SUPPORTS_MAC_DESIGNED_FOR_IPHONE_IPAD = NO;
				SUPPORTS_XR_DESIGNED_FOR_IPHONE_IPAD = NO;
				SWIFT_EMIT_LOC_STRINGS = YES;
				SWIFT_VERSION = 5.0;
				TARGETED_DEVICE_FAMILY = 1;
			};
			name = Release;
		};
/* End XCBuildConfiguration section */

/* Begin XCConfigurationList section */
		AAA10001000 /* Build configuration list for PBXProject "MinutAlarmWidget" */ = {
			isa = XCConfigurationList;
			buildConfigurations = (
				AAA60000000 /* Debug */,
				AAA60001000 /* Release */,
			);
			defaultConfigurationIsVisible = 0;
			defaultConfigurationName = Release;
		};
		AAA50000000 /* Build configuration list for PBXNativeTarget "MinutAlarmWidget" */ = {
			isa = XCConfigurationList;
			buildConfigurations = (
				AAA60002000 /* Debug */,
				AAA60003000 /* Release */,
			);
			defaultConfigurationIsVisible = 0;
			defaultConfigurationName = Release;
		};
		BBB50000000 /* Build configuration list for PBXNativeTarget "MinutAlarmWidgetExtension" */ = {
			isa = XCConfigurationList;
			buildConfigurations = (
				BBB60000000 /* Debug */,
				BBB60001000 /* Release */,
			);
			defaultConfigurationIsVisible = 0;
			defaultConfigurationName = Release;
		};
/* End XCConfigurationList section */
	};
	rootObject = AAA10000000 /* Project object */;
}
